
Microsoft Visual Studio Solution File, Format Version 12.00
# Visual Studio 15
VisualStudioVersion = 15.0.27130.2027
MinimumVisualStudioVersion = 10.0.40219.1
Project("{FAE04EC0-301F-11D3-BF4B-00C04F79EFBC}") = "EnhancementCalculator", "EnhancementCalculator\EnhancementCalculator.csproj", "{DED40ACA-5BF5-4689-B103-BC56394DF361}"
EndProject
Global
	GlobalSection(SolutionConfigurationPlatforms) = preSolution
		Debug|Any CPU = Debug|Any CPU
		Release|Any CPU = Release|Any CPU
	EndGlobalSection
	GlobalSection(ProjectConfigurationPlatforms) = postSolution
		{DED40ACA-5BF5-4689-B103-BC56394DF361}.Debug|Any CPU.ActiveCfg = Debug|Any CPU
		{DED40ACA-5BF5-4689-B103-BC56394DF361}.Debug|Any CPU.Build.0 = Debug|Any CPU
		{DED40ACA-5BF5-4689-B103-BC56394DF361}.Release|Any CPU.ActiveCfg = Release|Any CPU
		{DED40ACA-5BF5-4689-B103-BC56394DF361}.Release|Any CPU.Build.0 = Release|Any CPU
	EndGlobalSection
	GlobalSection(SolutionProperties) = preSolution
		HideSolutionNode = FALSE
	EndGlobalSection
	GlobalSection(ExtensibilityGlobals) = postSolution
		SolutionGuid = {15FC2CD9-F692-4DA9-B9AE-BC8C2D3922A4}
	EndGlobalSection
	GlobalSection(TeamFoundationVersionControl) = preSolution
		SccNumberOfProjects = 2
		SccEnterpriseProvider = {4CA58AB2-18FA-4F8D-95D4-32DDF27D184C}
		SccTeamFoundationServer = https://mastercutor.visualstudio.com/
		SccLocalPath0 = .
		SccProjectUniqueName1 = EnhancementCalculator\\EnhancementCalculator.csproj
		SccProjectName1 = EnhancementCalculator
		SccLocalPath1 = EnhancementCalculator
	EndGlobalSection
EndGlobal
